<?xml version="1.0" encoding="utf-8"?>
<Project ToolsVersion="4.0" xmlns="http://schemas.microsoft.com/developer/msbuild/2003">
  <ItemGroup>
    <Filter Include="Source Files">
      <UniqueIdentifier>{4FC737F1-C7A5-4376-A066-2A32D752A2FF}</UniqueIdentifier>
      <Extensions>cpp;c;cc;cxx;def;odl;idl;hpj;bat;asm;asmx</Extensions>
    </Filter>
    <Filter Include="Header Files">
      <UniqueIdentifier>{93995380-89BD-4b04-88EB-625FBE52EBFB}</UniqueIdentifier>
      <Extensions>h;hh;hpp;hxx;hm;inl;inc;xsd</Extensions>
    </Filter>
    <Filter Include="Resource Files">
      <UniqueIdentifier>{67DA6AB6-F800-4c08-8B7A-83BB121AAD01}</UniqueIdentifier>
      <Extensions>rc;ico;cur;bmp;dlg;rc2;rct;bin;rgs;gif;jpg;jpeg;jpe;resx;tiff;tif;png;wav;mfcribbon-ms</Extensions>
    </Filter>
    <Filter Include="Header Files\Primitives">
      <UniqueIdentifier>{4bea023d-da29-4cff-a0af-b2b76fd55ba4}</UniqueIdentifier>
    </Filter>
    <Filter Include="Source Files\Primitives">
      <UniqueIdentifier>{19d733ea-09f9-4809-a988-de5dcc9f2402}</UniqueIdentifier>
    </Filter>
    <Filter Include="Header Files\Requisites">
      <UniqueIdentifier>{b7d3ddd8-2d45-49a2-ab10-cb07b8d246e2}</UniqueIdentifier>
    </Filter>
  </ItemGroup>
  <ItemGroup>
    <ClInclude Include="include\dqBox.h">
      <Filter>Header Files</Filter>
    </ClInclude>
    <ClInclude Include="include\dqColor.h">
      <Filter>Header Files</Filter>
    </ClInclude>
    <ClInclude Include="include\dqLine.h">
      <Filter>Header Files</Filter>
    </ClInclude>
    <ClInclude Include="include\dqMatrix3x3.h">
      <Filter>Header Files</Filter>
    </ClInclude>
    <ClInclude Include="include\dqMatrix4x4.h">
      <Filter>Header Files</Filter>
    </ClInclude>
    <ClInclude Include="include\dqPlane.h">
      <Filter>Header Files</Filter>
    </ClInclude>
    <ClInclude Include="include\dqPlatformMath.h">
      <Filter>Header Files</Filter>
    </ClInclude>
    <ClInclude Include="include\dqPlatformTypes.h">
      <Filter>Header Files</Filter>
    </ClInclude>
    <ClInclude Include="include\dqQuaternion.h">
      <Filter>Header Files</Filter>
    </ClInclude>
    <ClInclude Include="include\dqSphere.h">
      <Filter>Header Files</Filter>
    </ClInclude>
    <ClInclude Include="include\dqVector2.h">
      <Filter>Header Files</Filter>
    </ClInclude>
    <ClInclude Include="include\dqVector2i.h">
      <Filter>Header Files</Filter>
    </ClInclude>
    <ClInclude Include="include\dqVector3.h">
      <Filter>Header Files</Filter>
    </ClInclude>
    <ClInclude Include="include\dqVector4.h">
      <Filter>Header Files</Filter>
    </ClInclude>
    <ClInclude Include="include\dqWindowsMath.h">
      <Filter>Header Files</Filter>
    </ClInclude>
    <ClInclude Include="include\dqPlatformDefines.h">
      <Filter>Header Files</Filter>
    </ClInclude>
    <ClInclude Include="include\dqMath.h">
      <Filter>Header Files</Filter>
    </ClInclude>
    <ClInclude Include="include\dqSTDHeaders.h">
      <Filter>Header Files\Requisites</Filter>
    </ClInclude>
  </ItemGroup>
  <ItemGroup>
    <ClCompile Include="src\Color.cpp">
      <Filter>Source Files</Filter>
    </ClCompile>
    <ClCompile Include="src\dqBox.cpp">
      <Filter>Source Files</Filter>
    </ClCompile>
    <ClCompile Include="src\dqLine.cpp">
      <Filter>Source Files</Filter>
    </ClCompile>
    <ClCompile Include="src\dqMath.cpp">
      <Filter>Source Files</Filter>
    </ClCompile>
    <ClCompile Include="src\dqMatrix3x3.cpp">
      <Filter>Source Files</Filter>
    </ClCompile>
    <ClCompile Include="src\dqMatrix4x4.cpp">
      <Filter>Source Files</Filter>
    </ClCompile>
    <ClCompile Include="src\dqPlane.cpp">
      <Filter>Source Files</Filter>
    </ClCompile>
    <ClCompile Include="src\dqPlatformMath.cpp">
      <Filter>Source Files</Filter>
    </ClCompile>
    <ClCompile Include="src\dqQuaternion.cpp">
      <Filter>Source Files</Filter>
    </ClCompile>
    <ClCompile Include="src\dqSphere.cpp">
      <Filter>Source Files</Filter>
    </ClCompile>
    <ClCompile Include="src\dqVector2.cpp">
      <Filter>Source Files</Filter>
    </ClCompile>
    <ClCompile Include="src\dqVector2i.cpp">
      <Filter>Source Files</Filter>
    </ClCompile>
    <ClCompile Include="src\dqVector3.cpp">
      <Filter>Source Files</Filter>
    </ClCompile>
    <ClCompile Include="src\dqVector4.cpp">
      <Filter>Source Files</Filter>
    </ClCompile>
    <ClCompile Include="src\dqWindowsMath.cpp">
      <Filter>Source Files</Filter>
    </ClCompile>
  </ItemGroup>
</Project>