<?xml version="1.0" encoding="utf-8"?>
<Project ToolsVersion="4.0" xmlns="http://schemas.microsoft.com/developer/msbuild/2003">
  <ItemGroup>
    <Filter Include="Source Files">
      <UniqueIdentifier>{4FC737F1-C7A5-4376-A066-2A32D752A2FF}</UniqueIdentifier>
      <Extensions>cpp;c;cc;cxx;def;odl;idl;hpj;bat;asm;asmx</Extensions>
    </Filter>
    <Filter Include="Header Files">
      <UniqueIdentifier>{93995380-89BD-4b04-88EB-625FBE52EBFB}</UniqueIdentifier>
      <Extensions>h;hh;hpp;hxx;hm;inl;inc;xsd</Extensions>
    </Filter>
    <Filter Include="Resource Files">
      <UniqueIdentifier>{67DA6AB6-F800-4c08-8B7A-83BB121AAD01}</UniqueIdentifier>
      <Extensions>rc;ico;cur;bmp;dlg;rc2;rct;bin;rgs;gif;jpg;jpeg;jpe;resx;tiff;tif;png;wav;mfcribbon-ms</Extensions>
    </Filter>
    <Filter Include="Header Files\Shaders">
      <UniqueIdentifier>{961696ff-96ee-45bb-ba0a-8bf487635c60}</UniqueIdentifier>
    </Filter>
    <Filter Include="Source Files\Shaders">
      <UniqueIdentifier>{1bc218c4-2ea4-4453-88bc-3fc796ac0273}</UniqueIdentifier>
    </Filter>
    <Filter Include="Header Files\Buffers">
      <UniqueIdentifier>{27f58705-57cc-49f7-95c4-f5a2842dc9dd}</UniqueIdentifier>
    </Filter>
    <Filter Include="Source Files\Buffers">
      <UniqueIdentifier>{a8491d1c-ed32-4818-a8fe-b8e0d277462b}</UniqueIdentifier>
    </Filter>
  </ItemGroup>
  <ItemGroup>
    <ClCompile Include="src\dqConstantBufferDX.cpp">
      <Filter>Source Files</Filter>
    </ClCompile>
    <ClCompile Include="src\dqDeviceContextDX.cpp">
      <Filter>Source Files</Filter>
    </ClCompile>
    <ClCompile Include="src\dqDeviceDX.cpp">
      <Filter>Source Files</Filter>
    </ClCompile>
    <ClCompile Include="src\dqGraphicsAPIDX.cpp">
      <Filter>Source Files</Filter>
    </ClCompile>
    <ClCompile Include="src\dqGraphicsDX.cpp">
      <Filter>Source Files</Filter>
    </ClCompile>
    <ClCompile Include="src\dqInputLayoutDX.cpp">
      <Filter>Source Files</Filter>
    </ClCompile>
    <ClCompile Include="src\dqRenderTargetDX.cpp">
      <Filter>Source Files</Filter>
    </ClCompile>
    <ClCompile Include="src\dqShaderDX.cpp">
      <Filter>Source Files</Filter>
    </ClCompile>
    <ClCompile Include="src\dqSwapChainDX.cpp">
      <Filter>Source Files</Filter>
    </ClCompile>
    <ClCompile Include="src\dqTextureDX.cpp">
      <Filter>Source Files</Filter>
    </ClCompile>
    <ClCompile Include="src\dqTriangleDX.cpp">
      <Filter>Source Files</Filter>
    </ClCompile>
    <ClCompile Include="src\dqViewportDX.cpp">
      <Filter>Source Files</Filter>
    </ClCompile>
    <ClCompile Include="src\dqIndexBufferDX.cpp">
      <Filter>Source Files\Buffers</Filter>
    </ClCompile>
    <ClCompile Include="src\dqVertexBufferDX.cpp">
      <Filter>Source Files\Buffers</Filter>
    </ClCompile>
    <ClCompile Include="src\dqGraphicsBufferDX.cpp">
      <Filter>Source Files\Buffers</Filter>
    </ClCompile>
    <ClCompile Include="src\dqIndexShaderDX.cpp">
      <Filter>Source Files\Shaders</Filter>
    </ClCompile>
    <ClCompile Include="src\dqPixelShaderDX.cpp">
      <Filter>Source Files\Shaders</Filter>
    </ClCompile>
    <ClCompile Include="src\dqVertexShaderDX.cpp">
      <Filter>Source Files\Shaders</Filter>
    </ClCompile>
    <ClCompile Include="src\dqMeshDX.cpp">
      <Filter>Source Files</Filter>
    </ClCompile>
    <ClCompile Include="src\dqModelDX.cpp">
      <Filter>Source Files</Filter>
    </ClCompile>
  </ItemGroup>
  <ItemGroup>
    <ClInclude Include="include\dqDeviceContextDX.h">
      <Filter>Header Files</Filter>
    </ClInclude>
    <ClInclude Include="include\dqDeviceDX.h">
      <Filter>Header Files</Filter>
    </ClInclude>
    <ClInclude Include="include\dqGraphicsAPIDX.h">
      <Filter>Header Files</Filter>
    </ClInclude>
    <ClInclude Include="include\dqGraphicsDXPrerequisites.h">
      <Filter>Header Files</Filter>
    </ClInclude>
    <ClInclude Include="include\dqInputLayoutDX.h">
      <Filter>Header Files</Filter>
    </ClInclude>
    <ClInclude Include="include\dqRenderTargetDX.h">
      <Filter>Header Files</Filter>
    </ClInclude>
    <ClInclude Include="include\dqShaderDX.h">
      <Filter>Header Files</Filter>
    </ClInclude>
    <ClInclude Include="include\dqSwapChainDX.h">
      <Filter>Header Files</Filter>
    </ClInclude>
    <ClInclude Include="include\dqTextureDX.h">
      <Filter>Header Files</Filter>
    </ClInclude>
    <ClInclude Include="include\dqTriangleDX.h">
      <Filter>Header Files</Filter>
    </ClInclude>
    <ClInclude Include="include\dqVertexDX.h">
      <Filter>Header Files</Filter>
    </ClInclude>
    <ClInclude Include="include\dqViewportDX.h">
      <Filter>Header Files</Filter>
    </ClInclude>
    <ClInclude Include="include\dqIndexBufferDX.h">
      <Filter>Header Files\Buffers</Filter>
    </ClInclude>
    <ClInclude Include="include\dqVertexShaderDX.h">
      <Filter>Header Files\Shaders</Filter>
    </ClInclude>
    <ClInclude Include="include\dqVertexBufferDX.h">
      <Filter>Header Files\Buffers</Filter>
    </ClInclude>
    <ClInclude Include="include\dqGraphicsBufferDX.h">
      <Filter>Header Files\Buffers</Filter>
    </ClInclude>
    <ClInclude Include="include\dqGraphicsDX.h">
      <Filter>Header Files</Filter>
    </ClInclude>
    <ClInclude Include="include\dqConstantBufferDX.h">
      <Filter>Header Files\Buffers</Filter>
    </ClInclude>
    <ClInclude Include="include\dqPixelShaderDX.h">
      <Filter>Header Files\Shaders</Filter>
    </ClInclude>
    <ClInclude Include="include\dqIndexShaderDX.h">
      <Filter>Header Files\Shaders</Filter>
    </ClInclude>
    <ClInclude Include="include\dqMeshDX.h">
      <Filter>Header Files</Filter>
    </ClInclude>
    <ClInclude Include="include\dqModelDX.h">
      <Filter>Header Files</Filter>
    </ClInclude>
  </ItemGroup>
</Project>